
Microsoft Visual Studio Solution File, Format Version 12.00
# Visual Studio 2013
VisualStudioVersion = 12.0.30723.0
MinimumVisualStudioVersion = 10.0.40219.1
Project("{FAE04EC0-301F-11D3-BF4B-00C04F79EFBC}") = "AzureCloudManager", "AzureCloudManager\AzureCloudManager.csproj", "{C369AE5C-4DCF-40B2-898A-2AB61CA066E4}"
EndProject
Project("{151D2E53-A2C4-4D7D-83FE-D05416EBD58E}") = "AzureCloudManager.Deployment", "AzureCloudManager.Deployment\AzureCloudManager.Deployment.deployproj", "{56BA1533-887C-4CF3-80F1-5ABFA64DB5E4}"
EndProject
Global
	GlobalSection(SolutionConfigurationPlatforms) = preSolution
		Debug|Any CPU = Debug|Any CPU
		Release|Any CPU = Release|Any CPU
	EndGlobalSection
	GlobalSection(ProjectConfigurationPlatforms) = postSolution
		{C369AE5C-4DCF-40B2-898A-2AB61CA066E4}.Debug|Any CPU.ActiveCfg = Debug|Any CPU
		{C369AE5C-4DCF-40B2-898A-2AB61CA066E4}.Debug|Any CPU.Build.0 = Debug|Any CPU
		{C369AE5C-4DCF-40B2-898A-2AB61CA066E4}.Release|Any CPU.ActiveCfg = Release|Any CPU
		{C369AE5C-4DCF-40B2-898A-2AB61CA066E4}.Release|Any CPU.Build.0 = Release|Any CPU
		{56BA1533-887C-4CF3-80F1-5ABFA64DB5E4}.Debug|Any CPU.ActiveCfg = Debug|Any CPU
		{56BA1533-887C-4CF3-80F1-5ABFA64DB5E4}.Debug|Any CPU.Build.0 = Debug|Any CPU
		{56BA1533-887C-4CF3-80F1-5ABFA64DB5E4}.Release|Any CPU.ActiveCfg = Release|Any CPU
		{56BA1533-887C-4CF3-80F1-5ABFA64DB5E4}.Release|Any CPU.Build.0 = Release|Any CPU
	EndGlobalSection
	GlobalSection(SolutionProperties) = preSolution
		HideSolutionNode = FALSE
	EndGlobalSection
EndGlobal
